schema: '2.0'
stages:
  data_ingestion:
    cmd: python src/data/data_ingestion.py
    deps:
    - path: src/data/data_ingestion.py
      hash: md5
      md5: ee08a4c31ae467cebbcce70b5cc5491a
      size: 3545
    params:
      params.yaml:
        data_ingestion.test_size: 0.15
    outs:
    - path: data/raw
      hash: md5
      md5: 9096031b858a2cbb24cca78d3ce8a538.dir
      size: 827973
      nfiles: 2
  data_preprocessing:
    cmd: python src/data/data_preprocessing.py
    deps:
    - path: data/raw
      hash: md5
      md5: 9096031b858a2cbb24cca78d3ce8a538.dir
      size: 827973
      nfiles: 2
    - path: src/data/data_preprocessing.py
      hash: md5
      md5: c1e18bf95fcc1e3d80cae9ee7c4a6383
      size: 4014
    outs:
    - path: data/interim
      hash: md5
      md5: fd478113b492acf016b3682fe296f27b.dir
      size: 566210
      nfiles: 2
  feature_engineering:
    cmd: python src/features/feature_engineering.py
    deps:
    - path: data/interim
      hash: md5
      md5: fd478113b492acf016b3682fe296f27b.dir
      size: 566210
      nfiles: 2
    - path: src/features/feature_engineering.py
      hash: md5
      md5: c1888aef256c204017522c2ce5fd36a0
      size: 3883
    params:
      params.yaml:
        feature_engineering.max_features: 6000
    outs:
    - path: data/processed
      hash: md5
      md5: c9222919f36abab4f7f2ee7e4a458148.dir
      size: 124576916
      nfiles: 2
    - path: models/vectorizer.pkl
      hash: md5
      md5: 07e894785c44ff75347d96a762190786
      size: 169332
  model_building:
    cmd: python src/model/model_building.py
    deps:
    - path: data/processed
      hash: md5
      md5: c9222919f36abab4f7f2ee7e4a458148.dir
      size: 124576916
      nfiles: 2
    - path: src/model/model_building.py
      hash: md5
      md5: 809681a98d52938b43c9befd0b00a422
      size: 2373
    outs:
    - path: models/model.pkl
      hash: md5
      md5: aaaf722afbeb20845352a4502dff8563
      size: 48657
  model_evaluation:
    cmd: python src/model/model_evaluation.py
    deps:
    - path: models/model.pkl
      hash: md5
      md5: aaaf722afbeb20845352a4502dff8563
      size: 48657
    - path: src/model/model_evaluation.py
      hash: md5
      md5: 8343dc222ff6fa866b9415170b2bfc2b
      size: 5284
    outs:
    - path: reports/experiment_info.json
      hash: md5
      md5: f5784a4f76058a6ee7da9d5e5806ed42
      size: 82
    - path: reports/metrics.json
      hash: md5
      md5: 1131865e62926c6c8e8b95d3797654bd
      size: 145
  model_registration:
    cmd: python src/model/register_model.py
    deps:
    - path: reports/experiment_info.json
      hash: md5
      md5: f5784a4f76058a6ee7da9d5e5806ed42
      size: 82
    - path: src/model/register_model.py
      hash: md5
      md5: 0896c26fd393d745f3ad539e06b152d3
      size: 2541
